
Microsoft Visual Studio Solution File, Format Version 12.00
# Visual Studio Version 17
VisualStudioVersion = 17.11.35303.130
MinimumVisualStudioVersion = 10.0.40219.1
Project("{FAE04EC0-301F-11D3-BF4B-00C04F79EFBC}") = "loop 4", "loop 4\loop 4.csproj", "{EBB36BBB-4C6F-4E5B-BBF6-3DB595AD256F}"
EndProject
Global
	GlobalSection(SolutionConfigurationPlatforms) = preSolution
		Debug|Any CPU = Debug|Any CPU
		Release|Any CPU = Release|Any CPU
	EndGlobalSection
	GlobalSection(ProjectConfigurationPlatforms) = postSolution
		{EBB36BBB-4C6F-4E5B-BBF6-3DB595AD256F}.Debug|Any CPU.ActiveCfg = Debug|Any CPU
		{EBB36BBB-4C6F-4E5B-BBF6-3DB595AD256F}.Debug|Any CPU.Build.0 = Debug|Any CPU
		{EBB36BBB-4C6F-4E5B-BBF6-3DB595AD256F}.Release|Any CPU.ActiveCfg = Release|Any CPU
		{EBB36BBB-4C6F-4E5B-BBF6-3DB595AD256F}.Release|Any CPU.Build.0 = Release|Any CPU
	EndGlobalSection
	GlobalSection(SolutionProperties) = preSolution
		HideSolutionNode = FALSE
	EndGlobalSection
	GlobalSection(ExtensibilityGlobals) = postSolution
		SolutionGuid = {FC136C9A-09CC-46CC-AE11-BB29CFEA8E96}
	EndGlobalSection
EndGlobal
